
Microsoft Visual Studio Solution File, Format Version 12.00
# Visual Studio Version 16
VisualStudioVersion = 16.0.31005.135
MinimumVisualStudioVersion = 10.0.40219.1
Project("{FAE04EC0-301F-11D3-BF4B-00C04F79EFBC}") = "Multy_Threaded_Part_2", "Multy_Threaded_Part_2.csproj", "{4CB5A24E-742D-46D3-B547-8225EB958AAB}"
EndProject
Global
	GlobalSection(SolutionConfigurationPlatforms) = preSolution
		Debug|Any CPU = Debug|Any CPU
		Release|Any CPU = Release|Any CPU
	EndGlobalSection
	GlobalSection(ProjectConfigurationPlatforms) = postSolution
		{4CB5A24E-742D-46D3-B547-8225EB958AAB}.Debug|Any CPU.ActiveCfg = Debug|Any CPU
		{4CB5A24E-742D-46D3-B547-8225EB958AAB}.Debug|Any CPU.Build.0 = Debug|Any CPU
		{4CB5A24E-742D-46D3-B547-8225EB958AAB}.Release|Any CPU.ActiveCfg = Release|Any CPU
		{4CB5A24E-742D-46D3-B547-8225EB958AAB}.Release|Any CPU.Build.0 = Release|Any CPU
	EndGlobalSection
	GlobalSection(SolutionProperties) = preSolution
		HideSolutionNode = FALSE
	EndGlobalSection
	GlobalSection(ExtensibilityGlobals) = postSolution
		SolutionGuid = {6259CB7A-EFF4-4357-A114-FBF8AEABF4DA}
	EndGlobalSection
EndGlobal
